
Microsoft Visual Studio Solution File, Format Version 12.00
# Visual Studio Version 17
VisualStudioVersion = 17.9.34723.18
MinimumVisualStudioVersion = 10.0.40219.1
Project("{FAE04EC0-301F-11D3-BF4B-00C04F79EFBC}") = "Mister Robot", "Mister Robot\Mister Robot.csproj", "{16CAA3FA-D491-4BDF-8041-9D9A4ED9F275}"
EndProject
Global
	GlobalSection(SolutionConfigurationPlatforms) = preSolution
		Debug|Any CPU = Debug|Any CPU
		Release|Any CPU = Release|Any CPU
	EndGlobalSection
	GlobalSection(ProjectConfigurationPlatforms) = postSolution
		{16CAA3FA-D491-4BDF-8041-9D9A4ED9F275}.Debug|Any CPU.ActiveCfg = Debug|Any CPU
		{16CAA3FA-D491-4BDF-8041-9D9A4ED9F275}.Debug|Any CPU.Build.0 = Debug|Any CPU
		{16CAA3FA-D491-4BDF-8041-9D9A4ED9F275}.Release|Any CPU.ActiveCfg = Release|Any CPU
		{16CAA3FA-D491-4BDF-8041-9D9A4ED9F275}.Release|Any CPU.Build.0 = Release|Any CPU
	EndGlobalSection
	GlobalSection(SolutionProperties) = preSolution
		HideSolutionNode = FALSE
	EndGlobalSection
	GlobalSection(ExtensibilityGlobals) = postSolution
		SolutionGuid = {6078422B-462F-4C7C-8B36-2C2B910672DC}
	EndGlobalSection
EndGlobal
